
Microsoft Visual Studio Solution File, Format Version 12.00
# Visual Studio Version 17
VisualStudioVersion = 17.14.36203.30
MinimumVisualStudioVersion = 10.0.40219.1
Project("{8BC9CEB8-8B4A-11D0-8D11-00A0C91BC942}") = "SteamSwitch", "SteamSwitch\SteamSwitch.vcxproj", "{0E294CC8-E181-42BB-A63C-7CE2F05430BF}"
EndProject
Global
	GlobalSection(SolutionConfigurationPlatforms) = preSolution
		Debug|x64 = Debug|x64
		Release|x64 = Release|x64
	EndGlobalSection
	GlobalSection(ProjectConfigurationPlatforms) = postSolution
		{0E294CC8-E181-42BB-A63C-7CE2F05430BF}.Debug|x64.ActiveCfg = Debug|x64
		{0E294CC8-E181-42BB-A63C-7CE2F05430BF}.Debug|x64.Build.0 = Debug|x64
		{0E294CC8-E181-42BB-A63C-7CE2F05430BF}.Release|x64.ActiveCfg = Release|x64
		{0E294CC8-E181-42BB-A63C-7CE2F05430BF}.Release|x64.Build.0 = Release|x64
	EndGlobalSection
	GlobalSection(SolutionProperties) = preSolution
		HideSolutionNode = FALSE
	EndGlobalSection
	GlobalSection(ExtensibilityGlobals) = postSolution
		SolutionGuid = {C6016977-EE2D-42DE-BAAE-F920B687F515}
	EndGlobalSection
EndGlobal
